
Microsoft Visual Studio Solution File, Format Version 12.00
# Visual Studio Version 17
VisualStudioVersion = 17.4.33213.308
MinimumVisualStudioVersion = 10.0.40219.1
Project("{FAE04EC0-301F-11D3-BF4B-00C04F79EFBC}") = "BaiTapLon", "BaiTapLon\BaiTapLon.csproj", "{76EAA335-F4B8-4F9E-96A2-599F6820C783}"
EndProject
Global
	GlobalSection(SolutionConfigurationPlatforms) = preSolution
		Debug|Any CPU = Debug|Any CPU
		Release|Any CPU = Release|Any CPU
	EndGlobalSection
	GlobalSection(ProjectConfigurationPlatforms) = postSolution
		{76EAA335-F4B8-4F9E-96A2-599F6820C783}.Debug|Any CPU.ActiveCfg = Debug|Any CPU
		{76EAA335-F4B8-4F9E-96A2-599F6820C783}.Debug|Any CPU.Build.0 = Debug|Any CPU
		{76EAA335-F4B8-4F9E-96A2-599F6820C783}.Release|Any CPU.ActiveCfg = Release|Any CPU
		{76EAA335-F4B8-4F9E-96A2-599F6820C783}.Release|Any CPU.Build.0 = Release|Any CPU
	EndGlobalSection
	GlobalSection(SolutionProperties) = preSolution
		HideSolutionNode = FALSE
	EndGlobalSection
	GlobalSection(ExtensibilityGlobals) = postSolution
		SolutionGuid = {C9706F30-5180-4806-A4E0-45F0FCB4EA4E}
	EndGlobalSection
EndGlobal
